{
  "name": "use_package",
  "version": "1.0.0",
  "lockfileVersion": 2,
  "requires": true,
  "packages": {
    "": {
      "name": "use_package",
      "version": "1.0.0",
      "license": "ISC",
      "dependencies": {
        "roman-simple-math": "^1.0.1"
      }
    },
    "node_modules/roman-simple-math": {
      "version": "1.0.1",
      "resolved": "https://registry.npmjs.org/roman-simple-math/-/roman-simple-math-1.0.1.tgz",
      "integrity": "sha512-gKuR87ge12/9W8Q5BisYhg7oX73TaAl4nJpCb2TNyka6mtqlgOsQTogzwXyXtfV+W2y8j/j6Na9RJLrLVaEaYw=="
    }
  },
  "dependencies": {
    "roman-simple-math": {
      "version": "1.0.1",
      "resolved": "https://registry.npmjs.org/roman-simple-math/-/roman-simple-math-1.0.1.tgz",
      "integrity": "sha512-gKuR87ge12/9W8Q5BisYhg7oX73TaAl4nJpCb2TNyka6mtqlgOsQTogzwXyXtfV+W2y8j/j6Na9RJLrLVaEaYw=="
    }
  }
}
